// !$*UTF8*$!
{
	archiveVersion = 1;
	classes = {
	};
	objectVersion = 46;
	objects = {

/* Begin PBXBuildFile section */
		096034E01A57EC26007DE586 /* objects.json in Resources */ = {isa = PBXBuildFile; fileRef = 096034DF1A57EC26007DE586 /* objects.json */; };
		096034E21A57FF31007DE586 /* circleCellView.xib in Resources */ = {isa = PBXBuildFile; fileRef = 096034E11A57FF31007DE586 /* circleCellView.xib */; };
		096034E51A5830E9007DE586 /* circleCollectionViewLayout.m in Sources */ = {isa = PBXBuildFile; fileRef = 096034E41A5830E9007DE586 /* circleCollectionViewLayout.m */; };
		096034F61A5E95B7007DE586 /* circleImageView.m in Sources */ = {isa = PBXBuildFile; fileRef = 096034F51A5E95B7007DE586 /* circleImageView.m */; };
		09D1EDBF1A683B64009233F9 /* circleCollectionItemModel.m in Sources */ = {isa = PBXBuildFile; fileRef = 09D1EDBE1A683B64009233F9 /* circleCollectionItemModel.m */; };
		09D1EDC01A683B64009233F9 /* circleCollectionItemModel.m in Sources */ = {isa = PBXBuildFile; fileRef = 09D1EDBE1A683B64009233F9 /* circleCollectionItemModel.m */; };
		09F439BA1A570453005D8C4D /* main.m in Sources */ = {isa = PBXBuildFile; fileRef = 09F439B91A570453005D8C4D /* main.m */; };
		09F439BD1A570453005D8C4D /* AppDelegate.m in Sources */ = {isa = PBXBuildFile; fileRef = 09F439BC1A570453005D8C4D /* AppDelegate.m */; };
		09F439C01A570453005D8C4D /* ViewController.m in Sources */ = {isa = PBXBuildFile; fileRef = 09F439BF1A570453005D8C4D /* ViewController.m */; };
		09F439C31A570453005D8C4D /* circleCollectionControl.storyboard in Resources */ = {isa = PBXBuildFile; fileRef = 09F439C11A570453005D8C4D /* circleCollectionControl.storyboard */; };
		09F439C51A570453005D8C4D /* Images.xcassets in Resources */ = {isa = PBXBuildFile; fileRef = 09F439C41A570453005D8C4D /* Images.xcassets */; };
		09F439C81A570453005D8C4D /* LaunchScreen.xib in Resources */ = {isa = PBXBuildFile; fileRef = 09F439C61A570453005D8C4D /* LaunchScreen.xib */; };
		09F439E11A5706E3005D8C4D /* circleCollectionView.m in Sources */ = {isa = PBXBuildFile; fileRef = 09F439E01A5706E3005D8C4D /* circleCollectionView.m */; };
		09F439E71A570969005D8C4D /* UIImage+Extended.m in Sources */ = {isa = PBXBuildFile; fileRef = 09F439E61A570969005D8C4D /* UIImage+Extended.m */; };
		09F439EA1A574C6D005D8C4D /* circleCollectionViewCell.m in Sources */ = {isa = PBXBuildFile; fileRef = 09F439E91A574C6D005D8C4D /* circleCollectionViewCell.m */; };
/* End PBXBuildFile section */

/* Begin PBXCopyFilesBuildPhase section */
		09D1EDA41A67FB6D009233F9 /* CopyFiles */ = {
			isa = PBXCopyFilesBuildPhase;
			buildActionMask = 2147483647;
			dstPath = "include/$(PRODUCT_NAME)";
			dstSubfolderSpec = 16;
			files = (
			);
			runOnlyForDeploymentPostprocessing = 0;
		};
/* End PBXCopyFilesBuildPhase section */

/* Begin PBXFileReference section */
		096034DF1A57EC26007DE586 /* objects.json */ = {isa = PBXFileReference; fileEncoding = 4; lastKnownFileType = text.json; path = objects.json; sourceTree = "<group>"; };
		096034E11A57FF31007DE586 /* circleCellView.xib */ = {isa = PBXFileReference; fileEncoding = 4; lastKnownFileType = file.xib; path = circleCellView.xib; sourceTree = "<group>"; };
		096034E31A5830E9007DE586 /* circleCollectionViewLayout.h */ = {isa = PBXFileReference; fileEncoding = 4; lastKnownFileType = sourcecode.c.h; path = circleCollectionViewLayout.h; sourceTree = "<group>"; };
		096034E41A5830E9007DE586 /* circleCollectionViewLayout.m */ = {isa = PBXFileReference; fileEncoding = 4; lastKnownFileType = sourcecode.c.objc; path = circleCollectionViewLayout.m; sourceTree = "<group>"; };
		096034F41A5E95B7007DE586 /* circleImageView.h */ = {isa = PBXFileReference; fileEncoding = 4; lastKnownFileType = sourcecode.c.h; path = circleImageView.h; sourceTree = "<group>"; };
		096034F51A5E95B7007DE586 /* circleImageView.m */ = {isa = PBXFileReference; fileEncoding = 4; lastKnownFileType = sourcecode.c.objc; path = circleImageView.m; sourceTree = "<group>"; };
		09D1EDA61A67FB6D009233F9 /* libcircleCollectionControlLib.a */ = {isa = PBXFileReference; explicitFileType = archive.ar; includeInIndex = 0; path = libcircleCollectionControlLib.a; sourceTree = BUILT_PRODUCTS_DIR; };
		09D1EDBD1A683B64009233F9 /* circleCollectionItemModel.h */ = {isa = PBXFileReference; fileEncoding = 4; lastKnownFileType = sourcecode.c.h; path = circleCollectionItemModel.h; sourceTree = "<group>"; };
		09D1EDBE1A683B64009233F9 /* circleCollectionItemModel.m */ = {isa = PBXFileReference; fileEncoding = 4; lastKnownFileType = sourcecode.c.objc; path = circleCollectionItemModel.m; sourceTree = "<group>"; };
		09F439B41A570453005D8C4D /* circleCollectionControlApp.app */ = {isa = PBXFileReference; explicitFileType = wrapper.application; includeInIndex = 0; path = circleCollectionControlApp.app; sourceTree = BUILT_PRODUCTS_DIR; };
		09F439B81A570453005D8C4D /* Info.plist */ = {isa = PBXFileReference; lastKnownFileType = text.plist.xml; path = Info.plist; sourceTree = "<group>"; };
		09F439B91A570453005D8C4D /* main.m */ = {isa = PBXFileReference; lastKnownFileType = sourcecode.c.objc; path = main.m; sourceTree = "<group>"; };
		09F439BB1A570453005D8C4D /* AppDelegate.h */ = {isa = PBXFileReference; lastKnownFileType = sourcecode.c.h; path = AppDelegate.h; sourceTree = "<group>"; };
		09F439BC1A570453005D8C4D /* AppDelegate.m */ = {isa = PBXFileReference; lastKnownFileType = sourcecode.c.objc; path = AppDelegate.m; sourceTree = "<group>"; };
		09F439BE1A570453005D8C4D /* ViewController.h */ = {isa = PBXFileReference; lastKnownFileType = sourcecode.c.h; path = ViewController.h; sourceTree = "<group>"; };
		09F439BF1A570453005D8C4D /* ViewController.m */ = {isa = PBXFileReference; lastKnownFileType = sourcecode.c.objc; path = ViewController.m; sourceTree = "<group>"; };
		09F439C21A570453005D8C4D /* Base */ = {isa = PBXFileReference; lastKnownFileType = file.storyboard; name = Base; path = Base.lproj/circleCollectionControl.storyboard; sourceTree = "<group>"; };
		09F439C41A570453005D8C4D /* Images.xcassets */ = {isa = PBXFileReference; lastKnownFileType = folder.assetcatalog; path = Images.xcassets; sourceTree = "<group>"; };
		09F439C71A570453005D8C4D /* Base */ = {isa = PBXFileReference; lastKnownFileType = file.xib; name = Base; path = Base.lproj/LaunchScreen.xib; sourceTree = "<group>"; };
		09F439DF1A5706E3005D8C4D /* circleCollectionView.h */ = {isa = PBXFileReference; fileEncoding = 4; lastKnownFileType = sourcecode.c.h; path = circleCollectionView.h; sourceTree = "<group>"; };
		09F439E01A5706E3005D8C4D /* circleCollectionView.m */ = {isa = PBXFileReference; fileEncoding = 4; lastKnownFileType = sourcecode.c.objc; path = circleCollectionView.m; sourceTree = "<group>"; };
		09F439E51A570969005D8C4D /* UIImage+Extended.h */ = {isa = PBXFileReference; fileEncoding = 4; lastKnownFileType = sourcecode.c.h; path = "UIImage+Extended.h"; sourceTree = "<group>"; };
		09F439E61A570969005D8C4D /* UIImage+Extended.m */ = {isa = PBXFileReference; fileEncoding = 4; lastKnownFileType = sourcecode.c.objc; path = "UIImage+Extended.m"; sourceTree = "<group>"; };
		09F439E81A574C6D005D8C4D /* circleCollectionViewCell.h */ = {isa = PBXFileReference; fileEncoding = 4; lastKnownFileType = sourcecode.c.h; path = circleCollectionViewCell.h; sourceTree = "<group>"; };
		09F439E91A574C6D005D8C4D /* circleCollectionViewCell.m */ = {isa = PBXFileReference; fileEncoding = 4; lastKnownFileType = sourcecode.c.objc; path = circleCollectionViewCell.m; sourceTree = "<group>"; };
/* End PBXFileReference section */

/* Begin PBXFrameworksBuildPhase section */
		09D1EDA31A67FB6D009233F9 /* Frameworks */ = {
			isa = PBXFrameworksBuildPhase;
			buildActionMask = 2147483647;
			files = (
			);
			runOnlyForDeploymentPostprocessing = 0;
		};
		09F439B11A570453005D8C4D /* Frameworks */ = {
			isa = PBXFrameworksBuildPhase;
			buildActionMask = 2147483647;
			files = (
			);
			runOnlyForDeploymentPostprocessing = 0;
		};
/* End PBXFrameworksBuildPhase section */

/* Begin PBXGroup section */
		09F439AB1A570452005D8C4D = {
			isa = PBXGroup;
			children = (
				09F439B61A570453005D8C4D /* circleCollectionControl */,
				09F439B51A570453005D8C4D /* Products */,
			);
			sourceTree = "<group>";
		};
		09F439B51A570453005D8C4D /* Products */ = {
			isa = PBXGroup;
			children = (
				09F439B41A570453005D8C4D /* circleCollectionControlApp.app */,
				09D1EDA61A67FB6D009233F9 /* libcircleCollectionControlLib.a */,
			);
			name = Products;
			sourceTree = "<group>";
		};
		09F439B61A570453005D8C4D /* circleCollectionControl */ = {
			isa = PBXGroup;
			children = (
				09F439DE1A5706BC005D8C4D /* Classes */,
				09F439DD1A5704D8005D8C4D /* AppDemo */,
			);
			path = circleCollectionControl;
			sourceTree = "<group>";
		};
		09F439B71A570453005D8C4D /* Supporting Files */ = {
			isa = PBXGroup;
			children = (
				09F439B81A570453005D8C4D /* Info.plist */,
				09F439B91A570453005D8C4D /* main.m */,
			);
			name = "Supporting Files";
			sourceTree = "<group>";
		};
		09F439DD1A5704D8005D8C4D /* AppDemo */ = {
			isa = PBXGroup;
			children = (
				09F439BB1A570453005D8C4D /* AppDelegate.h */,
				09F439BC1A570453005D8C4D /* AppDelegate.m */,
				09F439BE1A570453005D8C4D /* ViewController.h */,
				09F439BF1A570453005D8C4D /* ViewController.m */,
				09F439C11A570453005D8C4D /* circleCollectionControl.storyboard */,
				09F439C41A570453005D8C4D /* Images.xcassets */,
				096034DF1A57EC26007DE586 /* objects.json */,
				09F439C61A570453005D8C4D /* LaunchScreen.xib */,
				09F439B71A570453005D8C4D /* Supporting Files */,
			);
			name = AppDemo;
			sourceTree = "<group>";
		};
		09F439DE1A5706BC005D8C4D /* Classes */ = {
			isa = PBXGroup;
			children = (
				09F439DF1A5706E3005D8C4D /* circleCollectionView.h */,
				09F439E01A5706E3005D8C4D /* circleCollectionView.m */,
				09F439E51A570969005D8C4D /* UIImage+Extended.h */,
				09F439E61A570969005D8C4D /* UIImage+Extended.m */,
				096034F41A5E95B7007DE586 /* circleImageView.h */,
				096034F51A5E95B7007DE586 /* circleImageView.m */,
				09D1EDBD1A683B64009233F9 /* circleCollectionItemModel.h */,
				09D1EDBE1A683B64009233F9 /* circleCollectionItemModel.m */,
				09F439E81A574C6D005D8C4D /* circleCollectionViewCell.h */,
				09F439E91A574C6D005D8C4D /* circleCollectionViewCell.m */,
				096034E31A5830E9007DE586 /* circleCollectionViewLayout.h */,
				096034E41A5830E9007DE586 /* circleCollectionViewLayout.m */,
				096034E11A57FF31007DE586 /* circleCellView.xib */,
			);
			name = Classes;
			sourceTree = "<group>";
		};
/* End PBXGroup section */

/* Begin PBXNativeTarget section */
		09D1EDA51A67FB6D009233F9 /* circleCollectionControlLib */ = {
			isa = PBXNativeTarget;
			buildConfigurationList = 09D1EDB71A67FB6D009233F9 /* Build configuration list for PBXNativeTarget "circleCollectionControlLib" */;
			buildPhases = (
				09D1EDA21A67FB6D009233F9 /* Sources */,
				09D1EDA31A67FB6D009233F9 /* Frameworks */,
				09D1EDA41A67FB6D009233F9 /* CopyFiles */,
			);
			buildRules = (
			);
			dependencies = (
			);
			name = circleCollectionControlLib;
			productName = circleCollectionControlLib;
			productReference = 09D1EDA61A67FB6D009233F9 /* libcircleCollectionControlLib.a */;
			productType = "com.apple.product-type.library.static";
		};
		09F439B31A570453005D8C4D /* circleCollectionControlApp */ = {
			isa = PBXNativeTarget;
			buildConfigurationList = 09F439D71A570453005D8C4D /* Build configuration list for PBXNativeTarget "circleCollectionControlApp" */;
			buildPhases = (
				09F439B01A570453005D8C4D /* Sources */,
				09F439B11A570453005D8C4D /* Frameworks */,
				09F439B21A570453005D8C4D /* Resources */,
			);
			buildRules = (
			);
			dependencies = (
			);
			name = circleCollectionControlApp;
			productName = circleCollectionControl;
			productReference = 09F439B41A570453005D8C4D /* circleCollectionControlApp.app */;
			productType = "com.apple.product-type.application";
		};
/* End PBXNativeTarget section */

/* Begin PBXProject section */
		09F439AC1A570452005D8C4D /* Project object */ = {
			isa = PBXProject;
			attributes = {
				LastUpgradeCheck = 0610;
				ORGANIZATIONNAME = lagspoon;
				TargetAttributes = {
					09D1EDA51A67FB6D009233F9 = {
						CreatedOnToolsVersion = 6.1.1;
					};
					09F439B31A570453005D8C4D = {
						CreatedOnToolsVersion = 6.1.1;
					};
				};
			};
			buildConfigurationList = 09F439AF1A570452005D8C4D /* Build configuration list for PBXProject "circleCollectionControl" */;
			compatibilityVersion = "Xcode 3.2";
			developmentRegion = English;
			hasScannedForEncodings = 0;
			knownRegions = (
				en,
				Base,
			);
			mainGroup = 09F439AB1A570452005D8C4D;
			productRefGroup = 09F439B51A570453005D8C4D /* Products */;
			projectDirPath = "";
			projectRoot = "";
			targets = (
				09F439B31A570453005D8C4D /* circleCollectionControlApp */,
				09D1EDA51A67FB6D009233F9 /* circleCollectionControlLib */,
			);
		};
/* End PBXProject section */

/* Begin PBXResourcesBuildPhase section */
		09F439B21A570453005D8C4D /* Resources */ = {
			isa = PBXResourcesBuildPhase;
			buildActionMask = 2147483647;
			files = (
				096034E01A57EC26007DE586 /* objects.json in Resources */,
				096034E21A57FF31007DE586 /* circleCellView.xib in Resources */,
				09F439C31A570453005D8C4D /* circleCollectionControl.storyboard in Resources */,
				09F439C81A570453005D8C4D /* LaunchScreen.xib in Resources */,
				09F439C51A570453005D8C4D /* Images.xcassets in Resources */,
			);
			runOnlyForDeploymentPostprocessing = 0;
		};
/* End PBXResourcesBuildPhase section */

/* Begin PBXSourcesBuildPhase section */
		09D1EDA21A67FB6D009233F9 /* Sources */ = {
			isa = PBXSourcesBuildPhase;
			buildActionMask = 2147483647;
			files = (
				09D1EDC01A683B64009233F9 /* circleCollectionItemModel.m in Sources */,
			);
			runOnlyForDeploymentPostprocessing = 0;
		};
		09F439B01A570453005D8C4D /* Sources */ = {
			isa = PBXSourcesBuildPhase;
			buildActionMask = 2147483647;
			files = (
				09F439C01A570453005D8C4D /* ViewController.m in Sources */,
				09F439BD1A570453005D8C4D /* AppDelegate.m in Sources */,
				09F439EA1A574C6D005D8C4D /* circleCollectionViewCell.m in Sources */,
				09F439E11A5706E3005D8C4D /* circleCollectionView.m in Sources */,
				09F439E71A570969005D8C4D /* UIImage+Extended.m in Sources */,
				09D1EDBF1A683B64009233F9 /* circleCollectionItemModel.m in Sources */,
				09F439BA1A570453005D8C4D /* main.m in Sources */,
				096034F61A5E95B7007DE586 /* circleImageView.m in Sources */,
				096034E51A5830E9007DE586 /* circleCollectionViewLayout.m in Sources */,
			);
			runOnlyForDeploymentPostprocessing = 0;
		};
/* End PBXSourcesBuildPhase section */

/* Begin PBXVariantGroup section */
		09F439C11A570453005D8C4D /* circleCollectionControl.storyboard */ = {
			isa = PBXVariantGroup;
			children = (
				09F439C21A570453005D8C4D /* Base */,
			);
			name = circleCollectionControl.storyboard;
			sourceTree = "<group>";
		};
		09F439C61A570453005D8C4D /* LaunchScreen.xib */ = {
			isa = PBXVariantGroup;
			children = (
				09F439C71A570453005D8C4D /* Base */,
			);
			name = LaunchScreen.xib;
			sourceTree = "<group>";
		};
/* End PBXVariantGroup section */

/* Begin XCBuildConfiguration section */
		09D1EDB81A67FB6D009233F9 /* Debug */ = {
			isa = XCBuildConfiguration;
			buildSettings = {
				GCC_PREPROCESSOR_DEFINITIONS = (
					"DEBUG=1",
					"$(inherited)",
				);
				OTHER_LDFLAGS = "-ObjC";
				PRODUCT_NAME = "$(TARGET_NAME)";
				SKIP_INSTALL = YES;
			};
			name = Debug;
		};
		09D1EDB91A67FB6D009233F9 /* Release */ = {
			isa = XCBuildConfiguration;
			buildSettings = {
				OTHER_LDFLAGS = "-ObjC";
				PRODUCT_NAME = "$(TARGET_NAME)";
				SKIP_INSTALL = YES;
			};
			name = Release;
		};
		09F439D51A570453005D8C4D /* Debug */ = {
			isa = XCBuildConfiguration;
			buildSettings = {
				ALWAYS_SEARCH_USER_PATHS = NO;
				CLANG_CXX_LANGUAGE_STANDARD = "gnu++0x";
				CLANG_CXX_LIBRARY = "libc++";
				CLANG_ENABLE_MODULES = YES;
				CLANG_ENABLE_OBJC_ARC = YES;
				CLANG_WARN_BOOL_CONVERSION = YES;
				CLANG_WARN_CONSTANT_CONVERSION = YES;
				CLANG_WARN_DIRECT_OBJC_ISA_USAGE = YES_ERROR;
				CLANG_WARN_EMPTY_BODY = YES;
				CLANG_WARN_ENUM_CONVERSION = YES;
				CLANG_WARN_INT_CONVERSION = YES;
				CLANG_WARN_OBJC_ROOT_CLASS = YES_ERROR;
				CLANG_WARN_UNREACHABLE_CODE = YES;
				CLANG_WARN__DUPLICATE_METHOD_MATCH = YES;
				"CODE_SIGN_IDENTITY[sdk=iphoneos*]" = "iPhone Developer";
				COPY_PHASE_STRIP = NO;
				ENABLE_STRICT_OBJC_MSGSEND = YES;
				GCC_C_LANGUAGE_STANDARD = gnu99;
				GCC_DYNAMIC_NO_PIC = NO;
				GCC_OPTIMIZATION_LEVEL = 0;
				GCC_PREPROCESSOR_DEFINITIONS = (
					"DEBUG=1",
					"$(inherited)",
				);
				GCC_SYMBOLS_PRIVATE_EXTERN = NO;
				GCC_WARN_64_TO_32_BIT_CONVERSION = YES;
				GCC_WARN_ABOUT_RETURN_TYPE = YES_ERROR;
				GCC_WARN_UNDECLARED_SELECTOR = YES;
				GCC_WARN_UNINITIALIZED_AUTOS = YES_AGGRESSIVE;
				GCC_WARN_UNUSED_FUNCTION = YES;
				GCC_WARN_UNUSED_VARIABLE = YES;
				IPHONEOS_DEPLOYMENT_TARGET = 8.1;
				MTL_ENABLE_DEBUG_INFO = YES;
				ONLY_ACTIVE_ARCH = YES;
				SDKROOT = iphoneos;
				TARGETED_DEVICE_FAMILY = "1,2";
			};
			name = Debug;
		};
		09F439D61A570453005D8C4D /* Release */ = {
			isa = XCBuildConfiguration;
			buildSettings = {
				ALWAYS_SEARCH_USER_PATHS = NO;
				CLANG_CXX_LANGUAGE_STANDARD = "gnu++0x";
				CLANG_CXX_LIBRARY = "libc++";
				CLANG_ENABLE_MODULES = YES;
				CLANG_ENABLE_OBJC_ARC = YES;
				CLANG_WARN_BOOL_CONVERSION = YES;
				CLANG_WARN_CONSTANT_CONVERSION = YES;
				CLANG_WARN_DIRECT_OBJC_ISA_USAGE = YES_ERROR;
				CLANG_WARN_EMPTY_BODY = YES;
				CLANG_WARN_ENUM_CONVERSION = YES;
				CLANG_WARN_INT_CONVERSION = YES;
				CLANG_WARN_OBJC_ROOT_CLASS = YES_ERROR;
				CLANG_WARN_UNREACHABLE_CODE = YES;
				CLANG_WARN__DUPLICATE_METHOD_MATCH = YES;
				"CODE_SIGN_IDENTITY[sdk=iphoneos*]" = "iPhone Developer";
				COPY_PHASE_STRIP = YES;
				ENABLE_NS_ASSERTIONS = NO;
				ENABLE_STRICT_OBJC_MSGSEND = YES;
				GCC_C_LANGUAGE_STANDARD = gnu99;
				GCC_WARN_64_TO_32_BIT_CONVERSION = YES;
				GCC_WARN_ABOUT_RETURN_TYPE = YES_ERROR;
				GCC_WARN_UNDECLARED_SELECTOR = YES;
				GCC_WARN_UNINITIALIZED_AUTOS = YES_AGGRESSIVE;
				GCC_WARN_UNUSED_FUNCTION = YES;
				GCC_WARN_UNUSED_VARIABLE = YES;
				IPHONEOS_DEPLOYMENT_TARGET = 8.1;
				MTL_ENABLE_DEBUG_INFO = NO;
				SDKROOT = iphoneos;
				TARGETED_DEVICE_FAMILY = "1,2";
				VALIDATE_PRODUCT = YES;
			};
			name = Release;
		};
		09F439D81A570453005D8C4D /* Debug */ = {
			isa = XCBuildConfiguration;
			buildSettings = {
				ASSETCATALOG_COMPILER_APPICON_NAME = AppIcon;
				ASSETCATALOG_COMPILER_LAUNCHIMAGE_NAME = LaunchImage;
				INFOPLIST_FILE = circleCollectionControl/Info.plist;
				IPHONEOS_DEPLOYMENT_TARGET = 7.1;
				LD_RUNPATH_SEARCH_PATHS = "$(inherited) @executable_path/Frameworks";
				PRODUCT_NAME = "$(TARGET_NAME)";
			};
			name = Debug;
		};
		09F439D91A570453005D8C4D /* Release */ = {
			isa = XCBuildConfiguration;
			buildSettings = {
				ASSETCATALOG_COMPILER_APPICON_NAME = AppIcon;
				ASSETCATALOG_COMPILER_LAUNCHIMAGE_NAME = LaunchImage;
				INFOPLIST_FILE = circleCollectionControl/Info.plist;
				IPHONEOS_DEPLOYMENT_TARGET = 7.1;
				LD_RUNPATH_SEARCH_PATHS = "$(inherited) @executable_path/Frameworks";
				PRODUCT_NAME = "$(TARGET_NAME)";
			};
			name = Release;
		};
/* End XCBuildConfiguration section */

/* Begin XCConfigurationList section */
		09D1EDB71A67FB6D009233F9 /* Build configuration list for PBXNativeTarget "circleCollectionControlLib" */ = {
			isa = XCConfigurationList;
			buildConfigurations = (
				09D1EDB81A67FB6D009233F9 /* Debug */,
				09D1EDB91A67FB6D009233F9 /* Release */,
			);
			defaultConfigurationIsVisible = 0;
			defaultConfigurationName = Release;
		};
		09F439AF1A570452005D8C4D /* Build configuration list for PBXProject "circleCollectionControl" */ = {
			isa = XCConfigurationList;
			buildConfigurations = (
				09F439D51A570453005D8C4D /* Debug */,
				09F439D61A570453005D8C4D /* Release */,
			);
			defaultConfigurationIsVisible = 0;
			defaultConfigurationName = Release;
		};
		09F439D71A570453005D8C4D /* Build configuration list for PBXNativeTarget "circleCollectionControlApp" */ = {
			isa = XCConfigurationList;
			buildConfigurations = (
				09F439D81A570453005D8C4D /* Debug */,
				09F439D91A570453005D8C4D /* Release */,
			);
			defaultConfigurationIsVisible = 0;
			defaultConfigurationName = Release;
		};
/* End XCConfigurationList section */
	};
	rootObject = 09F439AC1A570452005D8C4D /* Project object */;
}
